
Microsoft Visual Studio Solution File, Format Version 12.00
# Visual Studio 15
VisualStudioVersion = 15.0.28010.2036
MinimumVisualStudioVersion = 10.0.40219.1
Project("{FAE04EC0-301F-11D3-BF4B-00C04F79EFBC}") = "Tipsmaskinen", "Tipsmaskinen\Tipsmaskinen.csproj", "{CCDCCC98-6682-4EE8-9ADB-F681ED85AAFC}"
EndProject
Global
	GlobalSection(SolutionConfigurationPlatforms) = preSolution
		Debug|Any CPU = Debug|Any CPU
		Release|Any CPU = Release|Any CPU
	EndGlobalSection
	GlobalSection(ProjectConfigurationPlatforms) = postSolution
		{CCDCCC98-6682-4EE8-9ADB-F681ED85AAFC}.Debug|Any CPU.ActiveCfg = Debug|Any CPU
		{CCDCCC98-6682-4EE8-9ADB-F681ED85AAFC}.Debug|Any CPU.Build.0 = Debug|Any CPU
		{CCDCCC98-6682-4EE8-9ADB-F681ED85AAFC}.Release|Any CPU.ActiveCfg = Release|Any CPU
		{CCDCCC98-6682-4EE8-9ADB-F681ED85AAFC}.Release|Any CPU.Build.0 = Release|Any CPU
	EndGlobalSection
	GlobalSection(SolutionProperties) = preSolution
		HideSolutionNode = FALSE
	EndGlobalSection
	GlobalSection(ExtensibilityGlobals) = postSolution
		SolutionGuid = {63FF7E0C-D75A-4FD2-832D-643A7E0A9E74}
	EndGlobalSection
EndGlobal
